Microsoft Visual Studio Solution File, Format Version 12.00
# Visual Studio 2012
Project("{FAE04EC0-301F-11D3-BF4B-00C04F79EFBC}") = "BottleUp!", "BottleUp!.csproj", "{639D08CE-72E7-46F1-8517-2FA7C2D95742}"
EndProject
Global
	GlobalSection(SolutionConfigurationPlatforms) = preSolution
	Debug|Any CPU = Debug|Any CPU
	ExportDebug|Any CPU = ExportDebug|Any CPU
	ExportRelease|Any CPU = ExportRelease|Any CPU
	EndGlobalSection
	GlobalSection(ProjectConfigurationPlatforms) = postSolution
		{639D08CE-72E7-46F1-8517-2FA7C2D95742}.Debug|Any CPU.ActiveCfg = Debug|Any CPU
		{639D08CE-72E7-46F1-8517-2FA7C2D95742}.Debug|Any CPU.Build.0 = Debug|Any CPU
		{639D08CE-72E7-46F1-8517-2FA7C2D95742}.ExportDebug|Any CPU.ActiveCfg = ExportDebug|Any CPU
		{639D08CE-72E7-46F1-8517-2FA7C2D95742}.ExportDebug|Any CPU.Build.0 = ExportDebug|Any CPU
		{639D08CE-72E7-46F1-8517-2FA7C2D95742}.ExportRelease|Any CPU.ActiveCfg = ExportRelease|Any CPU
		{639D08CE-72E7-46F1-8517-2FA7C2D95742}.ExportRelease|Any CPU.Build.0 = ExportRelease|Any CPU
	EndGlobalSection
EndGlobal
